
Microsoft Visual Studio Solution File, Format Version 12.00
# Visual Studio Version 17
VisualStudioVersion = 17.3.32825.248
MinimumVisualStudioVersion = 10.0.40219.1
Project("{FAE04EC0-301F-11D3-BF4B-00C04F79EFBC}") = "gostinka", "gostinka\gostinka.csproj", "{B2526240-CA19-4E65-89C8-2AFCEF22B51B}"
EndProject
Global
	GlobalSection(SolutionConfigurationPlatforms) = preSolution
		Debug|Any CPU = Debug|Any CPU
		Release|Any CPU = Release|Any CPU
	EndGlobalSection
	GlobalSection(ProjectConfigurationPlatforms) = postSolution
		{B2526240-CA19-4E65-89C8-2AFCEF22B51B}.Debug|Any CPU.ActiveCfg = Debug|Any CPU
		{B2526240-CA19-4E65-89C8-2AFCEF22B51B}.Debug|Any CPU.Build.0 = Debug|Any CPU
		{B2526240-CA19-4E65-89C8-2AFCEF22B51B}.Release|Any CPU.ActiveCfg = Release|Any CPU
		{B2526240-CA19-4E65-89C8-2AFCEF22B51B}.Release|Any CPU.Build.0 = Release|Any CPU
	EndGlobalSection
	GlobalSection(SolutionProperties) = preSolution
		HideSolutionNode = FALSE
	EndGlobalSection
	GlobalSection(ExtensibilityGlobals) = postSolution
		SolutionGuid = {58B7C07A-4B29-4E00-BE76-78FB735DFAB9}
	EndGlobalSection
EndGlobal
